{
  "name": "example",
  "lockfileVersion": 3,
  "requires": true,
  "packages": {
    "": {
      "dependencies": {
        "@privt00/blackjs": "^1.0.0"
      }
    },
    "node_modules/@privt00/blackjs": {
      "version": "1.0.0",
      "resolved": "https://registry.npmjs.org/@privt00/blackjs/-/blackjs-1.0.0.tgz",
      "integrity": "sha512-332XHxUcaEo1yCMHpW6DzYknWpFd2SnkiLW5n4fGF4HvOYVTfsxOlPBArwaPcKbey4yEoZLQE7+HF0AE5VQBfg==",
      "license": "MIT"
    }
  }
}
