{
  "name": "documentation",
  "lockfileVersion": 3,
  "requires": true,
  "packages": {
    "": {
      "dependencies": {
        "@privt00/blackjs": "^1.0.2"
      }
    },
    "node_modules/@privt00/blackjs": {
      "version": "1.0.2",
      "resolved": "https://registry.npmjs.org/@privt00/blackjs/-/blackjs-1.0.2.tgz",
      "integrity": "sha512-ofvaqnQn0DTZlWOu4ECkkZUUjj8mAh2gGzeVGtO/coLb/LPNw7R3/7OkQUSmTUF9K86/Ougd5ay9etogfUVDxQ==",
      "license": "MIT"
    }
  }
}
